# This file is automatically @generated by Cargo.
# It is not intended for manual editing.
version = 4

[[package]]
name = "cps"
version = "0.1.0"
dependencies = [
 "cps-agent",
 "cps-budget",
 "cps-config",
 "cps-doc-runner",
 "cps-doc-store",
 "cps-exec",
 "cps-llm",
 "cps-policy",
 "cps-proposal",
 "cps-search",
 "cps-tokenizer",
 "cps-ui",
]

[[package]]
name = "cps-agent"
version = "0.1.0"

[[package]]
name = "cps-budget"
version = "0.1.0"

[[package]]
name = "cps-config"
version = "0.1.0"

[[package]]
name = "cps-doc-runner"
version = "0.1.0"

[[package]]
name = "cps-doc-store"
version = "0.1.0"

[[package]]
name = "cps-exec"
version = "0.1.0"

[[package]]
name = "cps-llm"
version = "0.1.0"

[[package]]
name = "cps-policy"
version = "0.1.0"

[[package]]
name = "cps-proposal"
version = "0.1.0"

[[package]]
name = "cps-search"
version = "0.1.0"

[[package]]
name = "cps-tokenizer"
version = "0.1.0"

[[package]]
name = "cps-ui"
version = "0.1.0"
